
Microsoft Visual Studio Solution File, Format Version 12.00
# Visual Studio Version 16
VisualStudioVersion = 16.0.29025.244
MinimumVisualStudioVersion = 10.0.40219.1
Project("{FAE04EC0-301F-11D3-BF4B-00C04F79EFBC}") = "InstaBot", "InstaBot\InstaBot.csproj", "{FEFEB15B-509B-44B3-9AC0-DF011DAD175E}"
EndProject
Project("{FAE04EC0-301F-11D3-BF4B-00C04F79EFBC}") = "InstaBot.BLL", "InstaBot.BLL\InstaBot.BLL.csproj", "{5D90B5DB-4A0C-493E-BECE-81EB6236578C}"
EndProject
Global
	GlobalSection(SolutionConfigurationPlatforms) = preSolution
		Debug|Any CPU = Debug|Any CPU
		Release|Any CPU = Release|Any CPU
	EndGlobalSection
	GlobalSection(ProjectConfigurationPlatforms) = postSolution
		{FEFEB15B-509B-44B3-9AC0-DF011DAD175E}.Debug|Any CPU.ActiveCfg = Debug|Any CPU
		{FEFEB15B-509B-44B3-9AC0-DF011DAD175E}.Debug|Any CPU.Build.0 = Debug|Any CPU
		{FEFEB15B-509B-44B3-9AC0-DF011DAD175E}.Release|Any CPU.ActiveCfg = Release|Any CPU
		{FEFEB15B-509B-44B3-9AC0-DF011DAD175E}.Release|Any CPU.Build.0 = Release|Any CPU
		{5D90B5DB-4A0C-493E-BECE-81EB6236578C}.Debug|Any CPU.ActiveCfg = Debug|Any CPU
		{5D90B5DB-4A0C-493E-BECE-81EB6236578C}.Debug|Any CPU.Build.0 = Debug|Any CPU
		{5D90B5DB-4A0C-493E-BECE-81EB6236578C}.Release|Any CPU.ActiveCfg = Release|Any CPU
		{5D90B5DB-4A0C-493E-BECE-81EB6236578C}.Release|Any CPU.Build.0 = Release|Any CPU
	EndGlobalSection
	GlobalSection(SolutionProperties) = preSolution
		HideSolutionNode = FALSE
	EndGlobalSection
	GlobalSection(ExtensibilityGlobals) = postSolution
		SolutionGuid = {3BD82A25-C522-4878-B29F-21B06CE68F09}
	EndGlobalSection
EndGlobal
